{
  "name": "apache-dubbo-js",
  "version": "3.0.0-rc6",
  "lockfileVersion": 1,
  "requires": true,
  "dependencies": {
    "any-promise": {
      "version": "1.3.0",
      "resolved": "https://r.cnpmjs.org/any-promise/download/any-promise-1.3.0.tgz",
      "integrity": "sha1-q8av7tzqUugJzcA3au0845Y10X8="
    },
    "async": {
      "version": "0.2.10",
      "resolved": "https://r.cnpmjs.org/async/download/async-0.2.10.tgz",
      "integrity": "sha1-trvgsGdLnXGXCMo43owjfLUmw9E="
    },
    "byte": {
      "version": "1.4.1",
      "resolved": "https://r.cnpmjs.org/byte/download/byte-1.4.1.tgz",
      "integrity": "sha1-qAVT0qrlOxhWq1T6d0PgOiDcyUQ=",
      "requires": {
        "debug": "^2.6.6",
        "long": "^3.2.0",
        "utility": "^1.12.0"
      },
      "dependencies": {
        "debug": {
          "version": "2.6.9",
          "resolved": "https://r.cnpmjs.org/debug/download/debug-2.6.9.tgz",
          "integrity": "sha1-XRKFFd8TT/Mn6QpMk/Tgd6U2NB8=",
          "requires": {
            "ms": "2.0.0"
          }
        }
      }
    },
    "copy-to": {
      "version": "2.0.1",
      "resolved": "https://r.cnpmjs.org/copy-to/download/copy-to-2.0.1.tgz",
      "integrity": "sha1-JoD7uAaKSNCGVrYJgJK9r8kG9KU="
    },
    "core-util-is": {
      "version": "1.0.2",
      "resolved": "https://r.cnpmjs.org/core-util-is/download/core-util-is-1.0.2.tgz",
      "integrity": "sha1-tf1UIgqivFq1eqtxQMlAdUUDwac="
    },
    "debug": {
      "version": "3.1.0",
      "resolved": "https://r.cnpmjs.org/debug/download/debug-3.1.0.tgz",
      "integrity": "sha1-W7WgZyYotkFJVmuhaBnmFRjGcmE=",
      "requires": {
        "ms": "2.0.0"
      }
    },
    "escape-html": {
      "version": "1.0.3",
      "resolved": "https://r.cnpmjs.org/escape-html/download/escape-html-1.0.3.tgz",
      "integrity": "sha1-Aljq5NPQwJdN4cFpGI7wBR0dGYg="
    },
    "extend-shallow": {
      "version": "2.0.1",
      "resolved": "https://r.cnpmjs.org/extend-shallow/download/extend-shallow-2.0.1.tgz",
      "integrity": "sha1-Ua99YUrZqfYQ6huvu5idaxxWiQ8=",
      "requires": {
        "is-extendable": "^0.1.0"
      }
    },
    "hessian.js": {
      "version": "2.5.0",
      "resolved": "https://r.cnpmjs.org/hessian.js/download/hessian.js-2.5.0.tgz",
      "integrity": "sha1-2hj2PI0XAuP20ooRNXRN0UIed/4=",
      "requires": {
        "byte": "^1.1.6",
        "debug": "^2.6.8",
        "is-type-of": "^1.1.0",
        "long": "^3.2.0",
        "utility": "^1.12.0"
      },
      "dependencies": {
        "debug": {
          "version": "2.6.9",
          "resolved": "https://r.cnpmjs.org/debug/download/debug-2.6.9.tgz",
          "integrity": "sha1-XRKFFd8TT/Mn6QpMk/Tgd6U2NB8=",
          "requires": {
            "ms": "2.0.0"
          }
        }
      }
    },
    "ip": {
      "version": "1.1.5",
      "resolved": "https://r.cnpmjs.org/ip/download/ip-1.1.5.tgz",
      "integrity": "sha1-vd7XARQpCCjAoDnnLvJfWq7ENUo="
    },
    "is-class-hotfix": {
      "version": "0.0.6",
      "resolved": "https://r.cnpmjs.org/is-class-hotfix/download/is-class-hotfix-0.0.6.tgz",
      "integrity": "sha1-pSfTH7IyeSgd3l84XHe13nCnJDU="
    },
    "is-extendable": {
      "version": "0.1.1",
      "resolved": "https://r.cnpmjs.org/is-extendable/download/is-extendable-0.1.1.tgz",
      "integrity": "sha1-YrEQ4omkcUGOPsNqYX1HLjAd/Ik="
    },
    "is-type-of": {
      "version": "1.2.1",
      "resolved": "https://r.cnpmjs.org/is-type-of/download/is-type-of-1.2.1.tgz",
      "integrity": "sha1-4mPsOFes608oxHEw7HjbCakg+MU=",
      "requires": {
        "core-util-is": "^1.0.2",
        "is-class-hotfix": "~0.0.6",
        "isstream": "~0.1.2"
      }
    },
    "isstream": {
      "version": "0.1.2",
      "resolved": "https://r.cnpmjs.org/isstream/download/isstream-0.1.2.tgz",
      "integrity": "sha1-R+Y/evVa+m+S4VAOaQ64uFKcCZo="
    },
    "js-to-java": {
      "version": "2.4.0",
      "resolved": "https://r.cnpmjs.org/js-to-java/download/js-to-java-2.4.0.tgz",
      "integrity": "sha1-snXy3f6y9x5r0MQct0VzGH8gGlA="
    },
    "koa-compose": {
      "version": "4.0.0",
      "resolved": "https://r.cnpmjs.org/koa-compose/download/koa-compose-4.0.0.tgz",
      "integrity": "sha1-KAClE9nDYe8NY4UrA45Pby1adzw="
    },
    "long": {
      "version": "3.2.0",
      "resolved": "https://r.cnpmjs.org/long/download/long-3.2.0.tgz",
      "integrity": "sha1-2CG3E4yhy1gcFymQ7xTbIAtcR0s="
    },
    "minimist": {
      "version": "1.2.5",
      "resolved": "https://r.cnpmjs.org/minimist/download/minimist-1.2.5.tgz",
      "integrity": "sha1-Z9ZgFLZqaoqqDAg8X9WN9OTpdgI="
    },
    "mkdirp": {
      "version": "0.5.5",
      "resolved": "https://r.cnpmjs.org/mkdirp/download/mkdirp-0.5.5.tgz",
      "integrity": "sha1-2Rzv1i0UNsoPQWIOJRKI1CAJne8=",
      "requires": {
        "minimist": "^1.2.5"
      }
    },
    "ms": {
      "version": "2.0.0",
      "resolved": "https://r.cnpmjs.org/ms/download/ms-2.0.0.tgz",
      "integrity": "sha1-VgiurfwAvmwpAd9fmGF4jeDVl8g="
    },
    "mz": {
      "version": "2.7.0",
      "resolved": "https://r.cnpmjs.org/mz/download/mz-2.7.0.tgz",
      "integrity": "sha1-lQCAV6Vsr63CvGPd5/n/aVWUjjI=",
      "requires": {
        "any-promise": "^1.0.0",
        "object-assign": "^4.0.1",
        "thenify-all": "^1.0.0"
      }
    },
    "node-zookeeper-client": {
      "version": "0.2.2",
      "resolved": "https://r.cnpmjs.org/node-zookeeper-client/download/node-zookeeper-client-0.2.2.tgz",
      "integrity": "sha1-CXvaAZme749gLOBotjJgAGnb9oU=",
      "requires": {
        "async": "~0.2.7",
        "underscore": "~1.4.4"
      }
    },
    "object-assign": {
      "version": "4.1.1",
      "resolved": "https://r.cnpmjs.org/object-assign/download/object-assign-4.1.1.tgz",
      "integrity": "sha1-IQmtx5ZYh8/AXLvUQsrIv7s2CGM="
    },
    "thenify": {
      "version": "3.3.1",
      "resolved": "https://r.cnpmjs.org/thenify/download/thenify-3.3.1.tgz",
      "integrity": "sha1-iTLmhqQGYDigFt2eLKRq3Zg4qV8=",
      "requires": {
        "any-promise": "^1.0.0"
      }
    },
    "thenify-all": {
      "version": "1.6.0",
      "resolved": "https://r.cnpmjs.org/thenify-all/download/thenify-all-1.6.0.tgz",
      "integrity": "sha1-GhkY1ALY/D+Y+/I02wvMjMEOlyY=",
      "requires": {
        "thenify": ">= 3.1.0 < 4"
      }
    },
    "underscore": {
      "version": "1.4.4",
      "resolved": "https://r.cnpmjs.org/underscore/download/underscore-1.4.4.tgz",
      "integrity": "sha1-YaajIBBiKvoHljvzJSA88SI51gQ="
    },
    "unescape": {
      "version": "1.0.1",
      "resolved": "https://r.cnpmjs.org/unescape/download/unescape-1.0.1.tgz",
      "integrity": "sha1-lW5DD2HK2KTVfYLFGPXmzF0N2pY=",
      "requires": {
        "extend-shallow": "^2.0.1"
      }
    },
    "utility": {
      "version": "1.16.3",
      "resolved": "https://r.cnpmjs.org/utility/download/utility-1.16.3.tgz",
      "integrity": "sha1-Xf0R3nTmv92CbMShZ+YwHZL0tw0=",
      "requires": {
        "copy-to": "^2.0.1",
        "escape-html": "^1.0.3",
        "mkdirp": "^0.5.1",
        "mz": "^2.7.0",
        "unescape": "^1.0.1"
      }
    }
  }
}
