{
  "name": "dubbo-demo-node",
  "version": "1.0.0",
  "lockfileVersion": 1,
  "requires": true,
  "dependencies": {
    "array-union": {
      "version": "1.0.2",
      "resolved": "https://registry.npm.taobao.org/array-union/download/array-union-1.0.2.tgz",
      "integrity": "sha1-mjRBDk9OPaI96jdb5b5w8kd47Dk=",
      "dev": true,
      "requires": {
        "array-uniq": "1.0.3"
      }
    },
    "array-uniq": {
      "version": "1.0.3",
      "resolved": "http://registry.npm.taobao.org/array-uniq/download/array-uniq-1.0.3.tgz",
      "integrity": "sha1-r2rId6Jcx/dOBYiUdThY39sk/bY=",
      "dev": true
    },
    "balanced-match": {
      "version": "1.0.0",
      "resolved": "http://registry.npm.taobao.org/balanced-match/download/balanced-match-1.0.0.tgz",
      "integrity": "sha1-ibTRmasr7kneFk6gK4nORi1xt2c=",
      "dev": true
    },
    "brace-expansion": {
      "version": "1.1.11",
      "resolved": "http://registry.npm.taobao.org/brace-expansion/download/brace-expansion-1.1.11.tgz",
      "integrity": "sha1-PH/L9SnYcibz0vUrlm/1Jx60Qd0=",
      "dev": true,
      "requires": {
        "balanced-match": "1.0.0",
        "concat-map": "0.0.1"
      }
    },
    "code-block-writer": {
      "version": "6.14.0",
      "resolved": "https://registry.npm.taobao.org/code-block-writer/download/code-block-writer-6.14.0.tgz",
      "integrity": "sha1-AkXuMa680hqCMWziBh1fvpVQ3m8=",
      "dev": true
    },
    "commander": {
      "version": "2.20.0",
      "resolved": "http://registry.npm.taobao.org/commander/download/commander-2.20.0.tgz",
      "integrity": "sha1-1YuytcHuj4ew00ACfp6U4iLFpCI=",
      "dev": true
    },
    "concat-map": {
      "version": "0.0.1",
      "resolved": "http://registry.npm.taobao.org/concat-map/download/concat-map-0.0.1.tgz",
      "integrity": "sha1-2Klr13/Wjfd5OnMDajug1UBdR3s=",
      "dev": true
    },
    "debug": {
      "version": "3.1.0",
      "resolved": "http://registry.npm.taobao.org/debug/download/debug-3.1.0.tgz",
      "integrity": "sha1-W7WgZyYotkFJVmuhaBnmFRjGcmE=",
      "dev": true,
      "requires": {
        "ms": "2.0.0"
      }
    },
    "fs-extra": {
      "version": "4.0.3",
      "resolved": "https://registry.npm.taobao.org/fs-extra/download/fs-extra-4.0.3.tgz",
      "integrity": "sha1-DYUhIuW8W+tFP7Ao6cDJvzY0DJQ=",
      "dev": true,
      "requires": {
        "graceful-fs": "4.1.15",
        "jsonfile": "4.0.0",
        "universalify": "0.1.2"
      }
    },
    "fs.realpath": {
      "version": "1.0.0",
      "resolved": "http://registry.npm.taobao.org/fs.realpath/download/fs.realpath-1.0.0.tgz",
      "integrity": "sha1-FQStJSMVjKpA20onh8sBQRmU6k8=",
      "dev": true
    },
    "glob": {
      "version": "7.1.4",
      "resolved": "https://registry.npm.taobao.org/glob/download/glob-7.1.4.tgz",
      "integrity": "sha1-qmCKL2xXetNX4a5aXCbZqNGWklU=",
      "dev": true,
      "requires": {
        "fs.realpath": "1.0.0",
        "inflight": "1.0.6",
        "inherits": "2.0.3",
        "minimatch": "3.0.4",
        "once": "1.4.0",
        "path-is-absolute": "1.0.1"
      }
    },
    "globby": {
      "version": "6.1.0",
      "resolved": "http://registry.npm.taobao.org/globby/download/globby-6.1.0.tgz",
      "integrity": "sha1-9abXDoOV4hyFj7BInWTfAkJNUGw=",
      "dev": true,
      "requires": {
        "array-union": "1.0.2",
        "glob": "7.1.4",
        "object-assign": "4.1.1",
        "pify": "2.3.0",
        "pinkie-promise": "2.0.1"
      }
    },
    "graceful-fs": {
      "version": "4.1.15",
      "resolved": "http://registry.npm.taobao.org/graceful-fs/download/graceful-fs-4.1.15.tgz",
      "integrity": "sha1-/7cD4QZuig7qpMi4C6klPu77+wA=",
      "dev": true
    },
    "inflight": {
      "version": "1.0.6",
      "resolved": "http://registry.npm.taobao.org/inflight/download/inflight-1.0.6.tgz",
      "integrity": "sha1-Sb1jMdfQLQwJvJEKEHW6gWW1bfk=",
      "dev": true,
      "requires": {
        "once": "1.4.0",
        "wrappy": "1.0.2"
      }
    },
    "inherits": {
      "version": "2.0.3",
      "resolved": "http://registry.npm.taobao.org/inherits/download/inherits-2.0.3.tgz",
      "integrity": "sha1-Yzwsg+PaQqUC9SRmAiSA9CCCYd4=",
      "dev": true
    },
    "interpret-dubbo2js": {
      "version": "0.0.22",
      "resolved": "https://registry.npm.taobao.org/interpret-dubbo2js/download/interpret-dubbo2js-0.0.22.tgz",
      "integrity": "sha1-Ai7XFB+Orc7APDQ3bo10tSY6PYA=",
      "dev": true,
      "requires": {
        "commander": "2.20.0",
        "debug": "3.1.0",
        "fs-extra": "4.0.3",
        "klaw": "2.1.1",
        "prettier": "1.17.1",
        "ts-simple-ast": "1.3.0"
      }
    },
    "jsonfile": {
      "version": "4.0.0",
      "resolved": "http://registry.npm.taobao.org/jsonfile/download/jsonfile-4.0.0.tgz",
      "integrity": "sha1-h3Gq4HmbZAdrdmQPygWPnBDjPss=",
      "dev": true,
      "requires": {
        "graceful-fs": "4.1.15"
      }
    },
    "klaw": {
      "version": "2.1.1",
      "resolved": "http://registry.npm.taobao.org/klaw/download/klaw-2.1.1.tgz",
      "integrity": "sha1-QrdolHARacyRD9DRnOZ3tfs3ivE=",
      "dev": true,
      "requires": {
        "graceful-fs": "4.1.15"
      }
    },
    "minimatch": {
      "version": "3.0.4",
      "resolved": "http://registry.npm.taobao.org/minimatch/download/minimatch-3.0.4.tgz",
      "integrity": "sha1-UWbihkV/AzBgZL5Ul+jbsMPTIIM=",
      "dev": true,
      "requires": {
        "brace-expansion": "1.1.11"
      }
    },
    "ms": {
      "version": "2.0.0",
      "resolved": "http://registry.npm.taobao.org/ms/download/ms-2.0.0.tgz",
      "integrity": "sha1-VgiurfwAvmwpAd9fmGF4jeDVl8g=",
      "dev": true
    },
    "object-assign": {
      "version": "4.1.1",
      "resolved": "http://registry.npm.taobao.org/object-assign/download/object-assign-4.1.1.tgz",
      "integrity": "sha1-IQmtx5ZYh8/AXLvUQsrIv7s2CGM=",
      "dev": true
    },
    "once": {
      "version": "1.4.0",
      "resolved": "http://registry.npm.taobao.org/once/download/once-1.4.0.tgz",
      "integrity": "sha1-WDsap3WWHUsROsF9nFC6753Xa9E=",
      "dev": true,
      "requires": {
        "wrappy": "1.0.2"
      }
    },
    "path-is-absolute": {
      "version": "1.0.1",
      "resolved": "http://registry.npm.taobao.org/path-is-absolute/download/path-is-absolute-1.0.1.tgz",
      "integrity": "sha1-F0uSaHNVNP+8es5r9TpanhtcX18=",
      "dev": true
    },
    "pify": {
      "version": "2.3.0",
      "resolved": "http://registry.npm.taobao.org/pify/download/pify-2.3.0.tgz",
      "integrity": "sha1-7RQaasBDqEnqWISY59yosVMw6Qw=",
      "dev": true
    },
    "pinkie": {
      "version": "2.0.4",
      "resolved": "http://registry.npm.taobao.org/pinkie/download/pinkie-2.0.4.tgz",
      "integrity": "sha1-clVrgM+g1IqXToDnckjoDtT3+HA=",
      "dev": true
    },
    "pinkie-promise": {
      "version": "2.0.1",
      "resolved": "http://registry.npm.taobao.org/pinkie-promise/download/pinkie-promise-2.0.1.tgz",
      "integrity": "sha1-ITXW36ejWMBprJsXh3YogihFD/o=",
      "dev": true,
      "requires": {
        "pinkie": "2.0.4"
      }
    },
    "prettier": {
      "version": "1.17.1",
      "resolved": "https://registry.npm.taobao.org/prettier/download/prettier-1.17.1.tgz",
      "integrity": "sha1-7WS06T43DLiiW573/vPk/RwJlds=",
      "dev": true
    },
    "ts-simple-ast": {
      "version": "1.3.0",
      "resolved": "https://registry.npm.taobao.org/ts-simple-ast/download/ts-simple-ast-1.3.0.tgz",
      "integrity": "sha1-iOzY4rKGaMIvxI7CGd2MzngYfHA=",
      "dev": true,
      "requires": {
        "code-block-writer": "6.14.0",
        "globby": "6.1.0",
        "minimatch": "3.0.4",
        "object-assign": "4.1.1",
        "typescript": "2.6.1"
      }
    },
    "typescript": {
      "version": "2.6.1",
      "resolved": "https://registry.npm.taobao.org/typescript/download/typescript-2.6.1.tgz",
      "integrity": "sha1-7znN6ierrAtQAkLWcmq5DgyEZjE=",
      "dev": true
    },
    "universalify": {
      "version": "0.1.2",
      "resolved": "http://registry.npm.taobao.org/universalify/download/universalify-0.1.2.tgz",
      "integrity": "sha1-tkb2m+OULavOzJ1mOcgNwQXvqmY=",
      "dev": true
    },
    "wrappy": {
      "version": "1.0.2",
      "resolved": "http://registry.npm.taobao.org/wrappy/download/wrappy-1.0.2.tgz",
      "integrity": "sha1-tSQ9jz7BqjXxNkYFvA0QNuMKtp8=",
      "dev": true
    }
  }
}
