{
  "name": "hello-koa",
  "version": "1.0.0",
  "lockfileVersion": 1,
  "requires": true,
  "dependencies": {
    "accepts": {
      "version": "1.3.4",
      "resolved": "https://registry.npmjs.org/accepts/-/accepts-1.3.4.tgz",
      "integrity": "sha1-hiRnWMfdbSGmR0/whKR0DsBesh8=",
      "dev": true,
      "requires": {
        "mime-types": "2.1.17",
        "negotiator": "0.6.1"
      }
    },
    "any-promise": {
      "version": "1.3.0",
      "resolved": "https://registry.npmjs.org/any-promise/-/any-promise-1.3.0.tgz",
      "integrity": "sha1-q8av7tzqUugJzcA3au0845Y10X8="
    },
    "async": {
      "version": "0.2.10",
      "resolved": "http://registry.npmjs.org/async/-/async-0.2.10.tgz",
      "integrity": "sha1-trvgsGdLnXGXCMo43owjfLUmw9E="
    },
    "byte": {
      "version": "1.4.1",
      "resolved": "https://registry.npmjs.org/byte/-/byte-1.4.1.tgz",
      "integrity": "sha512-svfrZlqPZU3OrsuCiOlLUNsKjNHT4BMYmgtDk8DUYdLizHhAbswk+pZbYx4XCFuphshIDO+x7lHRKWwfHpbcow==",
      "requires": {
        "debug": "2.6.9",
        "long": "3.2.0",
        "utility": "1.15.0"
      },
      "dependencies": {
        "debug": {
          "version": "2.6.9",
          "resolved": "https://registry.npmjs.org/debug/-/debug-2.6.9.tgz",
          "integrity": "sha512-bC7ElrdJaJnPbAP+1EotYvqZsb3ecl5wi6Bfi6BJTUcNowp6cvspg0jXznRTKDjm/E7AdgFBVeAPVMNcKGsHMA==",
          "requires": {
            "ms": "2.0.0"
          }
        }
      }
    },
    "co": {
      "version": "4.6.0",
      "resolved": "https://registry.npmjs.org/co/-/co-4.6.0.tgz",
      "integrity": "sha1-bqa989hTrlTMuOR7+gvz+QMfsYQ=",
      "dev": true
    },
    "content-disposition": {
      "version": "0.5.2",
      "resolved": "https://registry.npmjs.org/content-disposition/-/content-disposition-0.5.2.tgz",
      "integrity": "sha1-DPaLud318r55YcOoUXjLhdunjLQ=",
      "dev": true
    },
    "content-type": {
      "version": "1.0.4",
      "resolved": "https://registry.npmjs.org/content-type/-/content-type-1.0.4.tgz",
      "integrity": "sha512-hIP3EEPs8tB9AT1L+NUqtwOAps4mk2Zob89MWXMHjHWg9milF/j4osnnQLXBCBFBk/tvIG/tUc9mOUJiPBhPXA==",
      "dev": true
    },
    "cookies": {
      "version": "0.7.1",
      "resolved": "https://registry.npmjs.org/cookies/-/cookies-0.7.1.tgz",
      "integrity": "sha1-fIphX1SBxhq58WyDNzG8uPZjuZs=",
      "dev": true,
      "requires": {
        "depd": "1.1.1",
        "keygrip": "1.0.2"
      }
    },
    "copy-to": {
      "version": "2.0.1",
      "resolved": "https://registry.npmjs.org/copy-to/-/copy-to-2.0.1.tgz",
      "integrity": "sha1-JoD7uAaKSNCGVrYJgJK9r8kG9KU="
    },
    "core-util-is": {
      "version": "1.0.2",
      "resolved": "https://registry.npmjs.org/core-util-is/-/core-util-is-1.0.2.tgz",
      "integrity": "sha1-tf1UIgqivFq1eqtxQMlAdUUDwac="
    },
    "debug": {
      "version": "3.1.0",
      "resolved": "https://registry.npmjs.org/debug/-/debug-3.1.0.tgz",
      "integrity": "sha512-OX8XqP7/1a9cqkxYw2yXss15f26NKWBpDXQd0/uK/KPqdQhxbPa994hnzjcE2VqQpDslf55723cKPUOGSmMY3g==",
      "requires": {
        "ms": "2.0.0"
      }
    },
    "deep-equal": {
      "version": "1.0.1",
      "resolved": "https://registry.npmjs.org/deep-equal/-/deep-equal-1.0.1.tgz",
      "integrity": "sha1-9dJgKStmDghO/0zbyfCK0yR0SLU=",
      "dev": true
    },
    "delegates": {
      "version": "1.0.0",
      "resolved": "https://registry.npmjs.org/delegates/-/delegates-1.0.0.tgz",
      "integrity": "sha1-hMbhWbgZBP3KWaDvRM2HDTElD5o=",
      "dev": true
    },
    "depd": {
      "version": "1.1.1",
      "resolved": "https://registry.npmjs.org/depd/-/depd-1.1.1.tgz",
      "integrity": "sha1-V4O04cRZ8G+lyif5kfPQbnoxA1k=",
      "dev": true
    },
    "destroy": {
      "version": "1.0.4",
      "resolved": "https://registry.npmjs.org/destroy/-/destroy-1.0.4.tgz",
      "integrity": "sha1-l4hXRCxEdJ5CBmE+N5RiBYJqvYA=",
      "dev": true
    },
    "dubbo2.js": {
      "version": "2.2.4",
      "resolved": "https://registry.npmjs.org/dubbo2.js/-/dubbo2.js-2.2.4.tgz",
      "integrity": "sha512-hkVse9idkzyfk/wU2wMWRCSpBokRFPbipNI3CUVKIhRfA9+5wUDLmUZH/fW9p0I3WiR+d69Lka2mP+f4doTrfA==",
      "requires": {
        "debug": "3.1.0",
        "hessian.js": "2.5.0",
        "ip": "1.1.5",
        "js-to-java": "2.4.0",
        "koa-compose": "4.0.0",
        "node-zookeeper-client": "0.2.2"
      }
    },
    "ee-first": {
      "version": "1.1.1",
      "resolved": "https://registry.npmjs.org/ee-first/-/ee-first-1.1.1.tgz",
      "integrity": "sha1-WQxhFWsK4vTwJVcyoViyZrxWsh0=",
      "dev": true
    },
    "error-inject": {
      "version": "1.0.0",
      "resolved": "https://registry.npmjs.org/error-inject/-/error-inject-1.0.0.tgz",
      "integrity": "sha1-4rPZG1Su1nLzCdlQ0VSFD6EdTzc=",
      "dev": true
    },
    "escape-html": {
      "version": "1.0.3",
      "resolved": "https://registry.npmjs.org/escape-html/-/escape-html-1.0.3.tgz",
      "integrity": "sha1-Aljq5NPQwJdN4cFpGI7wBR0dGYg="
    },
    "extend-shallow": {
      "version": "2.0.1",
      "resolved": "https://registry.npmjs.org/extend-shallow/-/extend-shallow-2.0.1.tgz",
      "integrity": "sha1-Ua99YUrZqfYQ6huvu5idaxxWiQ8=",
      "requires": {
        "is-extendable": "0.1.1"
      }
    },
    "fresh": {
      "version": "0.5.2",
      "resolved": "https://registry.npmjs.org/fresh/-/fresh-0.5.2.tgz",
      "integrity": "sha1-PYyt2Q2XZWn6g1qx+OSyOhBWBac=",
      "dev": true
    },
    "hessian.js": {
      "version": "2.5.0",
      "resolved": "https://registry.npmjs.org/hessian.js/-/hessian.js-2.5.0.tgz",
      "integrity": "sha512-CaJ6ZHLDru7U32p1oapswfk2HJemAKXw1itK8ZsrRkvQvy0ZsBtv/1tMD3BYWOtYxil3dn9xG/TTAUY02Y8EDQ==",
      "requires": {
        "byte": "1.4.1",
        "debug": "2.6.9",
        "is-type-of": "1.2.1",
        "long": "3.2.0",
        "utility": "1.15.0"
      },
      "dependencies": {
        "debug": {
          "version": "2.6.9",
          "resolved": "https://registry.npmjs.org/debug/-/debug-2.6.9.tgz",
          "integrity": "sha512-bC7ElrdJaJnPbAP+1EotYvqZsb3ecl5wi6Bfi6BJTUcNowp6cvspg0jXznRTKDjm/E7AdgFBVeAPVMNcKGsHMA==",
          "requires": {
            "ms": "2.0.0"
          }
        }
      }
    },
    "http-assert": {
      "version": "1.3.0",
      "resolved": "https://registry.npmjs.org/http-assert/-/http-assert-1.3.0.tgz",
      "integrity": "sha1-oxpc+IyHPsu1eWkH1NbxMujAHko=",
      "dev": true,
      "requires": {
        "deep-equal": "1.0.1",
        "http-errors": "1.6.2"
      }
    },
    "http-errors": {
      "version": "1.6.2",
      "resolved": "https://registry.npmjs.org/http-errors/-/http-errors-1.6.2.tgz",
      "integrity": "sha1-CgAsyFcHGSp+eUbO7cERVfYOxzY=",
      "dev": true,
      "requires": {
        "depd": "1.1.1",
        "inherits": "2.0.3",
        "setprototypeof": "1.0.3",
        "statuses": "1.4.0"
      }
    },
    "inherits": {
      "version": "2.0.3",
      "resolved": "https://registry.npmjs.org/inherits/-/inherits-2.0.3.tgz",
      "integrity": "sha1-Yzwsg+PaQqUC9SRmAiSA9CCCYd4=",
      "dev": true
    },
    "ip": {
      "version": "1.1.5",
      "resolved": "https://registry.npmjs.org/ip/-/ip-1.1.5.tgz",
      "integrity": "sha1-vd7XARQpCCjAoDnnLvJfWq7ENUo="
    },
    "is-class-hotfix": {
      "version": "0.0.6",
      "resolved": "https://registry.npmjs.org/is-class-hotfix/-/is-class-hotfix-0.0.6.tgz",
      "integrity": "sha512-0n+pzCC6ICtVr/WXnN2f03TK/3BfXY7me4cjCAqT8TYXEl0+JBRoqBo94JJHXcyDSLUeWbNX8Fvy5g5RJdAstQ=="
    },
    "is-extendable": {
      "version": "0.1.1",
      "resolved": "https://registry.npmjs.org/is-extendable/-/is-extendable-0.1.1.tgz",
      "integrity": "sha1-YrEQ4omkcUGOPsNqYX1HLjAd/Ik="
    },
    "is-generator-function": {
      "version": "1.0.6",
      "resolved": "https://registry.npmjs.org/is-generator-function/-/is-generator-function-1.0.6.tgz",
      "integrity": "sha1-nnFlPNFf/zQcecQVFGChMdMen8Q=",
      "dev": true
    },
    "is-type-of": {
      "version": "1.2.1",
      "resolved": "https://registry.npmjs.org/is-type-of/-/is-type-of-1.2.1.tgz",
      "integrity": "sha512-uK0kyX9LZYhSDS7H2sVJQJop1UnWPWmo5RvR3q2kFH6AUHYs7sOrVg0b4nyBHw29kRRNFofYN/JbHZDlHiItTA==",
      "requires": {
        "core-util-is": "1.0.2",
        "is-class-hotfix": "0.0.6",
        "isstream": "0.1.2"
      }
    },
    "isarray": {
      "version": "0.0.1",
      "resolved": "https://registry.npmjs.org/isarray/-/isarray-0.0.1.tgz",
      "integrity": "sha1-ihis/Kmo9Bd+Cav8YDiTmwXR7t8=",
      "dev": true
    },
    "isstream": {
      "version": "0.1.2",
      "resolved": "https://registry.npmjs.org/isstream/-/isstream-0.1.2.tgz",
      "integrity": "sha1-R+Y/evVa+m+S4VAOaQ64uFKcCZo="
    },
    "js-to-java": {
      "version": "2.4.0",
      "resolved": "https://registry.npmjs.org/js-to-java/-/js-to-java-2.4.0.tgz",
      "integrity": "sha1-snXy3f6y9x5r0MQct0VzGH8gGlA="
    },
    "keygrip": {
      "version": "1.0.2",
      "resolved": "https://registry.npmjs.org/keygrip/-/keygrip-1.0.2.tgz",
      "integrity": "sha1-rTKXxVcGneqLz+ek+kkbdcXd65E=",
      "dev": true
    },
    "koa": {
      "version": "2.4.1",
      "resolved": "https://registry.npmjs.org/koa/-/koa-2.4.1.tgz",
      "integrity": "sha512-3caQ9OyLDYSL3wAhVfv2s9k3tLNgW18QxnKIPaRjzG9uXyDhp4tOo+U+XtbY+xbzEiCW5smjxMCegpZqCjmjMw==",
      "dev": true,
      "requires": {
        "accepts": "1.3.4",
        "content-disposition": "0.5.2",
        "content-type": "1.0.4",
        "cookies": "0.7.1",
        "debug": "3.1.0",
        "delegates": "1.0.0",
        "depd": "1.1.1",
        "destroy": "1.0.4",
        "error-inject": "1.0.0",
        "escape-html": "1.0.3",
        "fresh": "0.5.2",
        "http-assert": "1.3.0",
        "http-errors": "1.6.2",
        "is-generator-function": "1.0.6",
        "koa-compose": "4.0.0",
        "koa-convert": "1.2.0",
        "koa-is-json": "1.0.0",
        "mime-types": "2.1.17",
        "on-finished": "2.3.0",
        "only": "0.0.2",
        "parseurl": "1.3.2",
        "statuses": "1.4.0",
        "type-is": "1.6.15",
        "vary": "1.1.2"
      }
    },
    "koa-compose": {
      "version": "4.0.0",
      "resolved": "https://registry.npmjs.org/koa-compose/-/koa-compose-4.0.0.tgz",
      "integrity": "sha1-KAClE9nDYe8NY4UrA45Pby1adzw="
    },
    "koa-convert": {
      "version": "1.2.0",
      "resolved": "https://registry.npmjs.org/koa-convert/-/koa-convert-1.2.0.tgz",
      "integrity": "sha1-2kCHXfSd4FOQmNFwC1CCDOvNIdA=",
      "dev": true,
      "requires": {
        "co": "4.6.0",
        "koa-compose": "3.2.1"
      },
      "dependencies": {
        "koa-compose": {
          "version": "3.2.1",
          "resolved": "https://registry.npmjs.org/koa-compose/-/koa-compose-3.2.1.tgz",
          "integrity": "sha1-qFzLQLfZhtjlo0Wzoazo6rz1Tec=",
          "dev": true,
          "requires": {
            "any-promise": "1.3.0"
          }
        }
      }
    },
    "koa-is-json": {
      "version": "1.0.0",
      "resolved": "https://registry.npmjs.org/koa-is-json/-/koa-is-json-1.0.0.tgz",
      "integrity": "sha1-JzwH7c3Ljfaiwat9We52SRRR7BQ=",
      "dev": true
    },
    "koa-router": {
      "version": "7.3.0",
      "resolved": "https://registry.npmjs.org/koa-router/-/koa-router-7.3.0.tgz",
      "integrity": "sha512-XLRnIOXdbn6MnbKNaQVqBzlUAgyxR5mZte7gi7LsR10Q4KDMCpU9hL1ON7YC0GWsLCbACg1ngqeozrwDuaVYxg==",
      "dev": true,
      "requires": {
        "debug": "3.1.0",
        "http-errors": "1.6.2",
        "koa-compose": "3.2.1",
        "methods": "1.1.2",
        "path-to-regexp": "1.7.0",
        "urijs": "1.19.0"
      },
      "dependencies": {
        "koa-compose": {
          "version": "3.2.1",
          "resolved": "https://registry.npmjs.org/koa-compose/-/koa-compose-3.2.1.tgz",
          "integrity": "sha1-qFzLQLfZhtjlo0Wzoazo6rz1Tec=",
          "dev": true,
          "requires": {
            "any-promise": "1.3.0"
          }
        }
      }
    },
    "long": {
      "version": "3.2.0",
      "resolved": "https://registry.npmjs.org/long/-/long-3.2.0.tgz",
      "integrity": "sha1-2CG3E4yhy1gcFymQ7xTbIAtcR0s="
    },
    "media-typer": {
      "version": "0.3.0",
      "resolved": "https://registry.npmjs.org/media-typer/-/media-typer-0.3.0.tgz",
      "integrity": "sha1-hxDXrwqmJvj/+hzgAWhUUmMlV0g=",
      "dev": true
    },
    "methods": {
      "version": "1.1.2",
      "resolved": "https://registry.npmjs.org/methods/-/methods-1.1.2.tgz",
      "integrity": "sha1-VSmk1nZUE07cxSZmVoNbD4Ua/O4=",
      "dev": true
    },
    "mime-db": {
      "version": "1.30.0",
      "resolved": "https://registry.npmjs.org/mime-db/-/mime-db-1.30.0.tgz",
      "integrity": "sha1-dMZD2i3Z1qRTmZY0ZbJtXKfXHwE=",
      "dev": true
    },
    "mime-types": {
      "version": "2.1.17",
      "resolved": "https://registry.npmjs.org/mime-types/-/mime-types-2.1.17.tgz",
      "integrity": "sha1-Cdejk/A+mVp5+K+Fe3Cp4KsWVXo=",
      "dev": true,
      "requires": {
        "mime-db": "1.30.0"
      }
    },
    "minimist": {
      "version": "0.0.8",
      "resolved": "http://registry.npmjs.org/minimist/-/minimist-0.0.8.tgz",
      "integrity": "sha1-hX/Kv8M5fSYluCKCYuhqp6ARsF0="
    },
    "mkdirp": {
      "version": "0.5.1",
      "resolved": "http://registry.npmjs.org/mkdirp/-/mkdirp-0.5.1.tgz",
      "integrity": "sha1-MAV0OOrGz3+MR2fzhkjWaX11yQM=",
      "requires": {
        "minimist": "0.0.8"
      }
    },
    "ms": {
      "version": "2.0.0",
      "resolved": "https://registry.npmjs.org/ms/-/ms-2.0.0.tgz",
      "integrity": "sha1-VgiurfwAvmwpAd9fmGF4jeDVl8g="
    },
    "mz": {
      "version": "2.7.0",
      "resolved": "https://registry.npmjs.org/mz/-/mz-2.7.0.tgz",
      "integrity": "sha512-z81GNO7nnYMEhrGh9LeymoE4+Yr0Wn5McHIZMK5cfQCl+NDX08sCZgUc9/6MHni9IWuFLm1Z3HTCXu2z9fN62Q==",
      "requires": {
        "any-promise": "1.3.0",
        "object-assign": "4.1.1",
        "thenify-all": "1.6.0"
      }
    },
    "negotiator": {
      "version": "0.6.1",
      "resolved": "https://registry.npmjs.org/negotiator/-/negotiator-0.6.1.tgz",
      "integrity": "sha1-KzJxhOiZIQEXeyhWP7XnECrNDKk=",
      "dev": true
    },
    "node-zookeeper-client": {
      "version": "0.2.2",
      "resolved": "https://registry.npmjs.org/node-zookeeper-client/-/node-zookeeper-client-0.2.2.tgz",
      "integrity": "sha1-CXvaAZme749gLOBotjJgAGnb9oU=",
      "requires": {
        "async": "0.2.10",
        "underscore": "1.4.4"
      }
    },
    "object-assign": {
      "version": "4.1.1",
      "resolved": "https://registry.npmjs.org/object-assign/-/object-assign-4.1.1.tgz",
      "integrity": "sha1-IQmtx5ZYh8/AXLvUQsrIv7s2CGM="
    },
    "on-finished": {
      "version": "2.3.0",
      "resolved": "https://registry.npmjs.org/on-finished/-/on-finished-2.3.0.tgz",
      "integrity": "sha1-IPEzZIGwg811M3mSoWlxqi2QaUc=",
      "dev": true,
      "requires": {
        "ee-first": "1.1.1"
      }
    },
    "only": {
      "version": "0.0.2",
      "resolved": "https://registry.npmjs.org/only/-/only-0.0.2.tgz",
      "integrity": "sha1-Kv3oTQPlC5qO3EROMGEKcCle37Q=",
      "dev": true
    },
    "parseurl": {
      "version": "1.3.2",
      "resolved": "https://registry.npmjs.org/parseurl/-/parseurl-1.3.2.tgz",
      "integrity": "sha1-/CidTtiZMRlGDBViUyYs3I3mW/M=",
      "dev": true
    },
    "path-to-regexp": {
      "version": "1.7.0",
      "resolved": "https://registry.npmjs.org/path-to-regexp/-/path-to-regexp-1.7.0.tgz",
      "integrity": "sha1-Wf3g9DW62suhA6hOnTvGTpa5k30=",
      "dev": true,
      "requires": {
        "isarray": "0.0.1"
      }
    },
    "setprototypeof": {
      "version": "1.0.3",
      "resolved": "https://registry.npmjs.org/setprototypeof/-/setprototypeof-1.0.3.tgz",
      "integrity": "sha1-ZlZ+NwQ+608E2RvWWMDL77VbjgQ=",
      "dev": true
    },
    "statuses": {
      "version": "1.4.0",
      "resolved": "https://registry.npmjs.org/statuses/-/statuses-1.4.0.tgz",
      "integrity": "sha512-zhSCtt8v2NDrRlPQpCNtw/heZLtfUDqxBM1udqikb/Hbk52LK4nQSwr10u77iopCW5LsyHpuXS0GnEc48mLeew==",
      "dev": true
    },
    "thenify": {
      "version": "3.3.0",
      "resolved": "https://registry.npmjs.org/thenify/-/thenify-3.3.0.tgz",
      "integrity": "sha1-5p44obq+lpsBCCB5eLn2K4hgSDk=",
      "requires": {
        "any-promise": "1.3.0"
      }
    },
    "thenify-all": {
      "version": "1.6.0",
      "resolved": "https://registry.npmjs.org/thenify-all/-/thenify-all-1.6.0.tgz",
      "integrity": "sha1-GhkY1ALY/D+Y+/I02wvMjMEOlyY=",
      "requires": {
        "thenify": "3.3.0"
      }
    },
    "type-is": {
      "version": "1.6.15",
      "resolved": "https://registry.npmjs.org/type-is/-/type-is-1.6.15.tgz",
      "integrity": "sha1-yrEPtJCeRByChC6v4a1kbIGARBA=",
      "dev": true,
      "requires": {
        "media-typer": "0.3.0",
        "mime-types": "2.1.17"
      }
    },
    "underscore": {
      "version": "1.4.4",
      "resolved": "https://registry.npmjs.org/underscore/-/underscore-1.4.4.tgz",
      "integrity": "sha1-YaajIBBiKvoHljvzJSA88SI51gQ="
    },
    "unescape": {
      "version": "1.0.1",
      "resolved": "https://registry.npmjs.org/unescape/-/unescape-1.0.1.tgz",
      "integrity": "sha512-O0+af1Gs50lyH1nUu3ZyYS1cRh01Q/kUKatTOkSs7jukXE6/NebucDVxyiDsA9AQ4JC1V1jUH9EO8JX2nMDgGQ==",
      "requires": {
        "extend-shallow": "2.0.1"
      }
    },
    "urijs": {
      "version": "1.19.0",
      "resolved": "https://registry.npmjs.org/urijs/-/urijs-1.19.0.tgz",
      "integrity": "sha512-Qs2odXn0hST5VSPVjpi73CMqtbAoanahaqWBujGU+IyMrMqpWcIhDewxQRhCkmqYxuyvICDcSuLdv2O7ncWBGw==",
      "dev": true
    },
    "utility": {
      "version": "1.15.0",
      "resolved": "https://registry.npmjs.org/utility/-/utility-1.15.0.tgz",
      "integrity": "sha512-cxaaLKZo8NPTJ1thA45oYZ1NyA4YTY+Hua3Pu6gPPJUkRFHFG4eegjUvJdqgegVB0TwL2xMm2poUF7SJPAwl3Q==",
      "requires": {
        "copy-to": "2.0.1",
        "escape-html": "1.0.3",
        "mkdirp": "0.5.1",
        "mz": "2.7.0",
        "unescape": "1.0.1"
      }
    },
    "vary": {
      "version": "1.1.2",
      "resolved": "https://registry.npmjs.org/vary/-/vary-1.1.2.tgz",
      "integrity": "sha1-IpnwLG3tMNSllhsLn3RSShj2NPw=",
      "dev": true
    }
  }
}
